
Microsoft Visual Studio Solution File, Format Version 10.00
# Visual Studio 2008
Project("{FAE04EC0-301F-11D3-BF4B-00C04F79EFBC}") = "KataPotter", "KataPotter\KataPotter.csproj", "{2E14CC6C-7936-45BA-8A5B-872BEE7EA2FC}"
EndProject
Project("{FAE04EC0-301F-11D3-BF4B-00C04F79EFBC}") = "KataPotter.Specs", "KataPotter.Specs\KataPotter.Specs.csproj", "{192E7AB8-2E83-4758-88D3-F4640BB5EA48}"
EndProject
Global
	GlobalSection(SolutionConfigurationPlatforms) = preSolution
		Debug|Any CPU = Debug|Any CPU
		Release|Any CPU = Release|Any CPU
	EndGlobalSection
	GlobalSection(ProjectConfigurationPlatforms) = postSolution
		{2E14CC6C-7936-45BA-8A5B-872BEE7EA2FC}.Debug|Any CPU.ActiveCfg = Debug|Any CPU
		{2E14CC6C-7936-45BA-8A5B-872BEE7EA2FC}.Debug|Any CPU.Build.0 = Debug|Any CPU
		{2E14CC6C-7936-45BA-8A5B-872BEE7EA2FC}.Release|Any CPU.ActiveCfg = Release|Any CPU
		{2E14CC6C-7936-45BA-8A5B-872BEE7EA2FC}.Release|Any CPU.Build.0 = Release|Any CPU
		{192E7AB8-2E83-4758-88D3-F4640BB5EA48}.Debug|Any CPU.ActiveCfg = Debug|Any CPU
		{192E7AB8-2E83-4758-88D3-F4640BB5EA48}.Debug|Any CPU.Build.0 = Debug|Any CPU
		{192E7AB8-2E83-4758-88D3-F4640BB5EA48}.Release|Any CPU.ActiveCfg = Release|Any CPU
		{192E7AB8-2E83-4758-88D3-F4640BB5EA48}.Release|Any CPU.Build.0 = Release|Any CPU
	EndGlobalSection
	GlobalSection(SolutionProperties) = preSolution
		HideSolutionNode = FALSE
	EndGlobalSection
EndGlobal
